
Microsoft Visual Studio Solution File, Format Version 12.00
# Visual Studio Version 16
VisualStudioVersion = 16.0.33328.57
MinimumVisualStudioVersion = 10.0.40219.1
Project("{FAE04EC0-301F-11D3-BF4B-00C04F79EFBC}") = "WindowsFormsApp5", "WindowsFormsApp5\WindowsFormsApp5.csproj", "{F6541577-5CCE-493A-9215-200B160F34E3}"
EndProject
Global
	GlobalSection(SolutionConfigurationPlatforms) = preSolution
		Debug|Any CPU = Debug|Any CPU
		Release|Any CPU = Release|Any CPU
	EndGlobalSection
	GlobalSection(ProjectConfigurationPlatforms) = postSolution
		{F6541577-5CCE-493A-9215-200B160F34E3}.Debug|Any CPU.ActiveCfg = Debug|Any CPU
		{F6541577-5CCE-493A-9215-200B160F34E3}.Debug|Any CPU.Build.0 = Debug|Any CPU
		{F6541577-5CCE-493A-9215-200B160F34E3}.Release|Any CPU.ActiveCfg = Release|Any CPU
		{F6541577-5CCE-493A-9215-200B160F34E3}.Release|Any CPU.Build.0 = Release|Any CPU
	EndGlobalSection
	GlobalSection(SolutionProperties) = preSolution
		HideSolutionNode = FALSE
	EndGlobalSection
	GlobalSection(ExtensibilityGlobals) = postSolution
		SolutionGuid = {C8012EF3-68D8-4709-8528-4048C4387B49}
	EndGlobalSection
EndGlobal
